
Microsoft Visual Studio Solution File, Format Version 12.00
# Visual Studio 15
VisualStudioVersion = 15.0.27004.2002
MinimumVisualStudioVersion = 10.0.40219.1
Project("{FAE04EC0-301F-11D3-BF4B-00C04F79EFBC}") = "mpTables_2013", "mpTables_2013\mpTables_2013.csproj", "{7A106CF5-FEF1-4970-918A-E96491E895E5}"
EndProject
Project("{FAE04EC0-301F-11D3-BF4B-00C04F79EFBC}") = "mpTables_2014", "mpTables_2014\mpTables_2014.csproj", "{F672A686-CF2B-4FAE-8888-16C2A4D3E7C3}"
EndProject
Project("{FAE04EC0-301F-11D3-BF4B-00C04F79EFBC}") = "mpTables_2015", "mpTables_2015\mpTables_2015.csproj", "{2A9F8373-49CE-4C0D-92B1-A537F18CBA93}"
EndProject
Project("{FAE04EC0-301F-11D3-BF4B-00C04F79EFBC}") = "mpTables_2016", "mpTables_2016\mpTables_2016.csproj", "{6EED5431-EC81-47AD-9ECF-1EE01933320F}"
EndProject
Project("{FAE04EC0-301F-11D3-BF4B-00C04F79EFBC}") = "mpTables_2017", "mpTables_2017\mpTables_2017.csproj", "{1BE36E55-8874-4DD4-8B19-E722B9B1897B}"
EndProject
Project("{FAE04EC0-301F-11D3-BF4B-00C04F79EFBC}") = "mpTables_2018", "mpTables_2018\mpTables_2018.csproj", "{2F93A8CD-3133-4021-A86A-31E8E6ACF757}"
EndProject
Project("{FAE04EC0-301F-11D3-BF4B-00C04F79EFBC}") = "mpTables_2019", "mpTables_2019\mpTables_2019.csproj", "{A10D345D-9D4F-4B63-B56E-79D90F5F594C}"
EndProject
Project("{FAE04EC0-301F-11D3-BF4B-00C04F79EFBC}") = "mpTables_2020", "mpTables_2020\mpTables_2020.csproj", "{CC00C2F5-4363-4278-9D19-33F330E9FBDF}"
EndProject
Global
	GlobalSection(SolutionConfigurationPlatforms) = preSolution
		Debug|Any CPU = Debug|Any CPU
		Release|Any CPU = Release|Any CPU
	EndGlobalSection
	GlobalSection(ProjectConfigurationPlatforms) = postSolution
		{7A106CF5-FEF1-4970-918A-E96491E895E5}.Debug|Any CPU.ActiveCfg = Debug|Any CPU
		{7A106CF5-FEF1-4970-918A-E96491E895E5}.Debug|Any CPU.Build.0 = Debug|Any CPU
		{7A106CF5-FEF1-4970-918A-E96491E895E5}.Release|Any CPU.ActiveCfg = Release|Any CPU
		{7A106CF5-FEF1-4970-918A-E96491E895E5}.Release|Any CPU.Build.0 = Release|Any CPU
		{F672A686-CF2B-4FAE-8888-16C2A4D3E7C3}.Debug|Any CPU.ActiveCfg = Debug|Any CPU
		{F672A686-CF2B-4FAE-8888-16C2A4D3E7C3}.Debug|Any CPU.Build.0 = Debug|Any CPU
		{F672A686-CF2B-4FAE-8888-16C2A4D3E7C3}.Release|Any CPU.ActiveCfg = Release|Any CPU
		{F672A686-CF2B-4FAE-8888-16C2A4D3E7C3}.Release|Any CPU.Build.0 = Release|Any CPU
		{2A9F8373-49CE-4C0D-92B1-A537F18CBA93}.Debug|Any CPU.ActiveCfg = Debug|Any CPU
		{2A9F8373-49CE-4C0D-92B1-A537F18CBA93}.Debug|Any CPU.Build.0 = Debug|Any CPU
		{2A9F8373-49CE-4C0D-92B1-A537F18CBA93}.Release|Any CPU.ActiveCfg = Release|Any CPU
		{2A9F8373-49CE-4C0D-92B1-A537F18CBA93}.Release|Any CPU.Build.0 = Release|Any CPU
		{6EED5431-EC81-47AD-9ECF-1EE01933320F}.Debug|Any CPU.ActiveCfg = Debug|Any CPU
		{6EED5431-EC81-47AD-9ECF-1EE01933320F}.Debug|Any CPU.Build.0 = Debug|Any CPU
		{6EED5431-EC81-47AD-9ECF-1EE01933320F}.Release|Any CPU.ActiveCfg = Release|Any CPU
		{6EED5431-EC81-47AD-9ECF-1EE01933320F}.Release|Any CPU.Build.0 = Release|Any CPU
		{1BE36E55-8874-4DD4-8B19-E722B9B1897B}.Debug|Any CPU.ActiveCfg = Debug|Any CPU
		{1BE36E55-8874-4DD4-8B19-E722B9B1897B}.Debug|Any CPU.Build.0 = Debug|Any CPU
		{1BE36E55-8874-4DD4-8B19-E722B9B1897B}.Release|Any CPU.ActiveCfg = Release|Any CPU
		{1BE36E55-8874-4DD4-8B19-E722B9B1897B}.Release|Any CPU.Build.0 = Release|Any CPU
		{2F93A8CD-3133-4021-A86A-31E8E6ACF757}.Debug|Any CPU.ActiveCfg = Debug|Any CPU
		{2F93A8CD-3133-4021-A86A-31E8E6ACF757}.Debug|Any CPU.Build.0 = Debug|Any CPU
		{2F93A8CD-3133-4021-A86A-31E8E6ACF757}.Release|Any CPU.ActiveCfg = Release|Any CPU
		{2F93A8CD-3133-4021-A86A-31E8E6ACF757}.Release|Any CPU.Build.0 = Release|Any CPU
		{A10D345D-9D4F-4B63-B56E-79D90F5F594C}.Debug|Any CPU.ActiveCfg = Debug|Any CPU
		{A10D345D-9D4F-4B63-B56E-79D90F5F594C}.Debug|Any CPU.Build.0 = Debug|Any CPU
		{A10D345D-9D4F-4B63-B56E-79D90F5F594C}.Release|Any CPU.ActiveCfg = Release|Any CPU
		{A10D345D-9D4F-4B63-B56E-79D90F5F594C}.Release|Any CPU.Build.0 = Release|Any CPU
		{CC00C2F5-4363-4278-9D19-33F330E9FBDF}.Debug|Any CPU.ActiveCfg = Debug|Any CPU
		{CC00C2F5-4363-4278-9D19-33F330E9FBDF}.Debug|Any CPU.Build.0 = Debug|Any CPU
		{CC00C2F5-4363-4278-9D19-33F330E9FBDF}.Release|Any CPU.ActiveCfg = Release|Any CPU
		{CC00C2F5-4363-4278-9D19-33F330E9FBDF}.Release|Any CPU.Build.0 = Release|Any CPU
	EndGlobalSection
	GlobalSection(SolutionProperties) = preSolution
		HideSolutionNode = FALSE
	EndGlobalSection
	GlobalSection(ExtensibilityGlobals) = postSolution
		SolutionGuid = {730EBD05-4DA5-48AF-B464-DB91573C797C}
	EndGlobalSection
EndGlobal
