
Microsoft Visual Studio Solution File, Format Version 12.00
# Visual Studio Version 16
VisualStudioVersion = 16.0.29920.165
MinimumVisualStudioVersion = 10.0.40219.1
Project("{FAE04EC0-301F-11D3-BF4B-00C04F79EFBC}") = "mpTables", "mpTables\mpTables.csproj", "{7A106CF5-FEF1-4970-918A-E96491E895E5}"
EndProject
Project("{2150E333-8FDC-42A3-9474-1A3956D46DE8}") = "Solution Items", "Solution Items", "{0A7C2730-A32B-41FB-BC4B-5269F91B0BF5}"
	ProjectSection(SolutionItems) = preProject
		README.md = README.md
	EndProjectSection
EndProject
Project("{9A19103F-16F7-4668-BE54-9A1E7A4F7556}") = "_build", "build\_build.csproj", "{177CE74F-5466-494F-9626-AE20E650FC7F}"
EndProject
Global
	GlobalSection(SolutionConfigurationPlatforms) = preSolution
		A2013|x64 = A2013|x64
		A2014|x64 = A2014|x64
		A2015|x64 = A2015|x64
		A2016|x64 = A2016|x64
		A2017|x64 = A2017|x64
		A2018|x64 = A2018|x64
		A2019|x64 = A2019|x64
		A2020|x64 = A2020|x64
		A2021|x64 = A2021|x64
		Debug|x64 = Debug|x64
	EndGlobalSection
	GlobalSection(ProjectConfigurationPlatforms) = postSolution
		{7A106CF5-FEF1-4970-918A-E96491E895E5}.A2013|x64.ActiveCfg = A2013|x64
		{7A106CF5-FEF1-4970-918A-E96491E895E5}.A2013|x64.Build.0 = A2013|x64
		{7A106CF5-FEF1-4970-918A-E96491E895E5}.A2014|x64.ActiveCfg = A2014|x64
		{7A106CF5-FEF1-4970-918A-E96491E895E5}.A2014|x64.Build.0 = A2014|x64
		{7A106CF5-FEF1-4970-918A-E96491E895E5}.A2015|x64.ActiveCfg = A2015|x64
		{7A106CF5-FEF1-4970-918A-E96491E895E5}.A2015|x64.Build.0 = A2015|x64
		{7A106CF5-FEF1-4970-918A-E96491E895E5}.A2016|x64.ActiveCfg = A2016|x64
		{7A106CF5-FEF1-4970-918A-E96491E895E5}.A2016|x64.Build.0 = A2016|x64
		{7A106CF5-FEF1-4970-918A-E96491E895E5}.A2017|x64.ActiveCfg = A2017|x64
		{7A106CF5-FEF1-4970-918A-E96491E895E5}.A2017|x64.Build.0 = A2017|x64
		{7A106CF5-FEF1-4970-918A-E96491E895E5}.A2018|x64.ActiveCfg = A2018|x64
		{7A106CF5-FEF1-4970-918A-E96491E895E5}.A2018|x64.Build.0 = A2018|x64
		{7A106CF5-FEF1-4970-918A-E96491E895E5}.A2019|x64.ActiveCfg = A2019|x64
		{7A106CF5-FEF1-4970-918A-E96491E895E5}.A2019|x64.Build.0 = A2019|x64
		{7A106CF5-FEF1-4970-918A-E96491E895E5}.A2020|x64.ActiveCfg = A2020|x64
		{7A106CF5-FEF1-4970-918A-E96491E895E5}.A2020|x64.Build.0 = A2020|x64
		{7A106CF5-FEF1-4970-918A-E96491E895E5}.A2021|x64.ActiveCfg = A2021|x64
		{7A106CF5-FEF1-4970-918A-E96491E895E5}.A2021|x64.Build.0 = A2021|x64
		{7A106CF5-FEF1-4970-918A-E96491E895E5}.Debug|x64.ActiveCfg = Debug|x64
		{7A106CF5-FEF1-4970-918A-E96491E895E5}.Debug|x64.Build.0 = Debug|x64
		{177CE74F-5466-494F-9626-AE20E650FC7F}.A2013|x64.ActiveCfg = Debug|Any CPU
		{177CE74F-5466-494F-9626-AE20E650FC7F}.A2013|x64.Build.0 = Debug|Any CPU
		{177CE74F-5466-494F-9626-AE20E650FC7F}.A2014|x64.ActiveCfg = Debug|Any CPU
		{177CE74F-5466-494F-9626-AE20E650FC7F}.A2014|x64.Build.0 = Debug|Any CPU
		{177CE74F-5466-494F-9626-AE20E650FC7F}.A2015|x64.ActiveCfg = Debug|Any CPU
		{177CE74F-5466-494F-9626-AE20E650FC7F}.A2015|x64.Build.0 = Debug|Any CPU
		{177CE74F-5466-494F-9626-AE20E650FC7F}.A2016|x64.ActiveCfg = Debug|Any CPU
		{177CE74F-5466-494F-9626-AE20E650FC7F}.A2016|x64.Build.0 = Debug|Any CPU
		{177CE74F-5466-494F-9626-AE20E650FC7F}.A2017|x64.ActiveCfg = Debug|Any CPU
		{177CE74F-5466-494F-9626-AE20E650FC7F}.A2017|x64.Build.0 = Debug|Any CPU
		{177CE74F-5466-494F-9626-AE20E650FC7F}.A2018|x64.ActiveCfg = Debug|Any CPU
		{177CE74F-5466-494F-9626-AE20E650FC7F}.A2018|x64.Build.0 = Debug|Any CPU
		{177CE74F-5466-494F-9626-AE20E650FC7F}.A2019|x64.ActiveCfg = Debug|Any CPU
		{177CE74F-5466-494F-9626-AE20E650FC7F}.A2019|x64.Build.0 = Debug|Any CPU
		{177CE74F-5466-494F-9626-AE20E650FC7F}.A2020|x64.ActiveCfg = Debug|Any CPU
		{177CE74F-5466-494F-9626-AE20E650FC7F}.A2020|x64.Build.0 = Debug|Any CPU
		{177CE74F-5466-494F-9626-AE20E650FC7F}.A2021|x64.ActiveCfg = Debug|Any CPU
		{177CE74F-5466-494F-9626-AE20E650FC7F}.A2021|x64.Build.0 = Debug|Any CPU
		{177CE74F-5466-494F-9626-AE20E650FC7F}.Debug|x64.ActiveCfg = Debug|Any CPU
		{177CE74F-5466-494F-9626-AE20E650FC7F}.Debug|x64.Build.0 = Debug|Any CPU
	EndGlobalSection
	GlobalSection(SolutionProperties) = preSolution
		HideSolutionNode = FALSE
	EndGlobalSection
	GlobalSection(ExtensibilityGlobals) = postSolution
		SolutionGuid = {730EBD05-4DA5-48AF-B464-DB91573C797C}
	EndGlobalSection
EndGlobal
